
Microsoft Visual Studio Solution File, Format Version 12.00
# Visual Studio Version 17
VisualStudioVersion = 17.0.31903.59
MinimumVisualStudioVersion = 10.0.40219.1
Project("{FAE04EC0-301F-11D3-BF4B-00C04F79EFBC}") = "HomeworkApr15_ReactPeopleCars.Web", "HomeworkApr15_ReactPeopleCars.Web\HomeworkApr15_ReactPeopleCars.Web.csproj", "{44F13E72-652A-4869-836B-F922878D6F95}"
EndProject
Project("{FAE04EC0-301F-11D3-BF4B-00C04F79EFBC}") = "HomeworkApr15_ReactPeopleCars.Data", "HomeworkApr15_ReactPeopleCars.Data\HomeworkApr15_ReactPeopleCars.Data.csproj", "{40691B5C-2ADB-41FA-A4C9-E2AA29412355}"
EndProject
Global
	GlobalSection(SolutionConfigurationPlatforms) = preSolution
		Debug|Any CPU = Debug|Any CPU
		Release|Any CPU = Release|Any CPU
	EndGlobalSection
	GlobalSection(SolutionProperties) = preSolution
		HideSolutionNode = FALSE
	EndGlobalSection
	GlobalSection(ProjectConfigurationPlatforms) = postSolution
		{44F13E72-652A-4869-836B-F922878D6F95}.Debug|Any CPU.ActiveCfg = Debug|Any CPU
		{44F13E72-652A-4869-836B-F922878D6F95}.Debug|Any CPU.Build.0 = Debug|Any CPU
		{44F13E72-652A-4869-836B-F922878D6F95}.Release|Any CPU.ActiveCfg = Release|Any CPU
		{44F13E72-652A-4869-836B-F922878D6F95}.Release|Any CPU.Build.0 = Release|Any CPU
		{40691B5C-2ADB-41FA-A4C9-E2AA29412355}.Debug|Any CPU.ActiveCfg = Debug|Any CPU
		{40691B5C-2ADB-41FA-A4C9-E2AA29412355}.Debug|Any CPU.Build.0 = Debug|Any CPU
		{40691B5C-2ADB-41FA-A4C9-E2AA29412355}.Release|Any CPU.ActiveCfg = Release|Any CPU
		{40691B5C-2ADB-41FA-A4C9-E2AA29412355}.Release|Any CPU.Build.0 = Release|Any CPU
	EndGlobalSection
EndGlobal
